{"v":"1.0.0-alpha.6","p":{"hopp-plugin-babel":{}},"_":[0,null],"sc":{"./packages/hopp-sample-plugin/lib":1498364049000,"./packages/hopp-plugin-accord/lib":1498367879000,"./packages/hopp-plugin-babel/lib":1498363544000,"./packages/hopp-plugin-concat/lib":1498364699000,"./packages/hopp/src":1498361422000,"./packages/hopp/src/compat":1498364490000}}