{"v":"1.2.6","p":{"hopp-plugin-eslint":{},"hopp-plugin-babel":{}},"pl":[1499539762000,{"hopp-plugin-babel":["config","default"],"hopp-plugin-eslint":["config","format","failOnError","default"]}],"lp":{"hopp-plugin-babel":"/Users/rockliang/Desktop/Project/hopp_open_source/hopp/packages/hopp-plugin-babel","hopp-plugin-eslint":"/Users/rockliang/Desktop/Project/hopp_open_source/hopp/packages/hopp-plugin-eslint"},"_":[0,null],"sc":{"lint-accord":{"./packages/hopp-plugin-accord/lib/index.js":1499625583000},"lint-babel":{"./packages/hopp-plugin-babel/lib/index.js":1499625583000},"lint-concat":{"./packages/hopp-plugin-concat/lib/index.js":1499651076000},"lint-notify":{"./packages/hopp-plugin-notify/lib/index.js":1499625583000},"lint-eslint":{"./packages/hopp-plugin-eslint/lib/index.js":1499625583000},"hopp-latest":{"./packages/hopp/src/cache.js":1499539762000,"./packages/hopp/src/compat/else.js":1499539762000,"./packages/hopp/src/fs/get-path.js":1499539762000,"./packages/hopp/src/fs/glob.js":1499539762000,"./packages/hopp/src/fs/index.js":1499539762000,"./packages/hopp/src/hopp.js":1499539762000,"./packages/hopp/src/hoppfile/find.js":1499539762000,"./packages/hopp/src/hoppfile/index.js":1499539762000,"./packages/hopp/src/hoppfile/load.js":1499539762000,"./packages/hopp/src/index.js":1499539762000,"./packages/hopp/src/streams/buffer.js":1499539762000,"./packages/hopp/src/streams/bundle.js":1499539762000,"./packages/hopp/src/streams/index.js":1499539762000,"./packages/hopp/src/streams/map.js":1499539762000,"./packages/hopp/src/streams/readstream.js":1499539762000,"./packages/hopp/src/tasks/goal.js":1499539762000,"./packages/hopp/src/tasks/loadPlugins.js":1499539762000,"./packages/hopp/src/tasks/mgr.js":1499539762000,"./packages/hopp/src/tasks/parallel.js":1499539762000,"./packages/hopp/src/tasks/steps.js":1499539762000,"./packages/hopp/src/tasks/tree.js":1499539762000,"./packages/hopp/src/tasks/watch.js":1499539762000,"./packages/hopp/src/utils/_.js":1499539762000,"./packages/hopp/src/utils/deep-equal.js":1499539762000,"./packages/hopp/src/utils/error.js":1499539762000,"./packages/hopp/src/utils/fn.js":1499539762000,"./packages/hopp/src/utils/index.js":1499539762000,"./packages/hopp/src/utils/log.js":1499539762000},"build-accord":{"./packages/hopp-plugin-accord/lib/index.js":1499625583000},"build-concat":{"./packages/hopp-plugin-concat/lib/index.js":1499651076000},"build-eslint":{"./packages/hopp-plugin-eslint/lib/index.js":1499625583000},"build-babel":{"./packages/hopp-plugin-babel/lib/index.js":1499625583000},"build-notify":{"./packages/hopp-plugin-notify/lib/index.js":1499625583000},"hopp-legacy":{"./packages/hopp/src/cache.js":1499539762000,"./packages/hopp/src/compat/else.js":1499539762000,"./packages/hopp/src/fs/get-path.js":1499539762000,"./packages/hopp/src/fs/glob.js":1499539762000,"./packages/hopp/src/fs/index.js":1499539762000,"./packages/hopp/src/hopp.js":1499539762000,"./packages/hopp/src/hoppfile/find.js":1499539762000,"./packages/hopp/src/hoppfile/index.js":1499539762000,"./packages/hopp/src/hoppfile/load.js":1499539762000,"./packages/hopp/src/index.js":1499539762000,"./packages/hopp/src/streams/buffer.js":1499539762000,"./packages/hopp/src/streams/bundle.js":1499539762000,"./packages/hopp/src/streams/index.js":1499539762000,"./packages/hopp/src/streams/map.js":1499539762000,"./packages/hopp/src/streams/readstream.js":1499539762000,"./packages/hopp/src/tasks/goal.js":1499539762000,"./packages/hopp/src/tasks/loadPlugins.js":1499539762000,"./packages/hopp/src/tasks/mgr.js":1499539762000,"./packages/hopp/src/tasks/parallel.js":1499539762000,"./packages/hopp/src/tasks/steps.js":1499539762000,"./packages/hopp/src/tasks/tree.js":1499539762000,"./packages/hopp/src/tasks/watch.js":1499539762000,"./packages/hopp/src/utils/_.js":1499539762000,"./packages/hopp/src/utils/deep-equal.js":1499539762000,"./packages/hopp/src/utils/error.js":1499539762000,"./packages/hopp/src/utils/fn.js":1499539762000,"./packages/hopp/src/utils/index.js":1499539762000,"./packages/hopp/src/utils/log.js":1499539762000}}}