{"v":"1.2.1","p":{"hopp-plugin-eslint":{}},"pl":[1499314442000,{"hopp-plugin-babel":["config","default"],"hopp-plugin-eslint":["config","format","failOnError","default"]}],"lp":{"hopp-plugin-babel":"/Users/karimsa/projects/hoppjs/hopp/packages/hopp-plugin-babel","hopp-plugin-eslint":"/Users/karimsa/projects/hoppjs/hopp/packages/hopp-plugin-eslint"},"_":[0,null],"sc":{"lint:lint:accord":{"./packages/hopp-plugin-accord/lib/index.js":1499314351000},"lint:lint:babel":{"./packages/hopp-plugin-babel/lib/index.js":1499314351000},"lint:lint:concat":{"./packages/hopp-plugin-concat/lib/index.js":1499314351000},"lint:lint:notify":{"./packages/hopp-plugin-notify/lib/index.js":1499314351000},"lint:lint:eslint":{"./packages/hopp-plugin-eslint/lib/index.js":1499314351000}}}